PODS:
  - Flutter (1.0.0)
  - internet_speed_test (0.0.1):
    - Flutter

DEPENDENCIES:
  - Flutter (from `Flutter`)
  - internet_speed_test (from `.symlinks/plugins/internet_speed_test/ios`)

EXTERNAL SOURCES:
  Flutter:
    :path: Flutter
  internet_speed_test:
    :path: ".symlinks/plugins/internet_speed_test/ios"

SPEC CHECKSUMS:
  Flutter: 0e3d915762c693b495b44d77113d4970485de6ec
  internet_speed_test: ab8c9ed9b7b4747c8ebd3f549bdbfa778655fd68

PODFILE CHECKSUM: 1b66dae606f75376c5f2135a8290850eeb09ae83

COCOAPODS: 1.9.1
